
Microsoft Visual Studio Solution File, Format Version 12.00
# Visual Studio Version 16
VisualStudioVersion = 16.0.31911.196
MinimumVisualStudioVersion = 10.0.40219.1
Project("{FAE04EC0-301F-11D3-BF4B-00C04F79EFBC}") = "TravUpApi", "TravUpApi.csproj", "{C083CBF9-D618-4035-BC38-5024208278C3}"
EndProject
Global
	GlobalSection(SolutionConfigurationPlatforms) = preSolution
		Debug|Any CPU = Debug|Any CPU
		Release|Any CPU = Release|Any CPU
	EndGlobalSection
	GlobalSection(ProjectConfigurationPlatforms) = postSolution
		{C083CBF9-D618-4035-BC38-5024208278C3}.Debug|Any CPU.ActiveCfg = Debug|Any CPU
		{C083CBF9-D618-4035-BC38-5024208278C3}.Debug|Any CPU.Build.0 = Debug|Any CPU
		{C083CBF9-D618-4035-BC38-5024208278C3}.Release|Any CPU.ActiveCfg = Release|Any CPU
		{C083CBF9-D618-4035-BC38-5024208278C3}.Release|Any CPU.Build.0 = Release|Any CPU
	EndGlobalSection
	GlobalSection(SolutionProperties) = preSolution
		HideSolutionNode = FALSE
	EndGlobalSection
	GlobalSection(ExtensibilityGlobals) = postSolution
		SolutionGuid = {E4518735-6D2A-49C1-BF5F-92929C97C783}
	EndGlobalSection
EndGlobal
